
Microsoft Visual Studio Solution File, Format Version 12.00
# Visual Studio Version 17
VisualStudioVersion = 17.11.35312.102
MinimumVisualStudioVersion = 10.0.40219.1
Project("{9A19103F-16F7-4668-BE54-9A1E7A4F7556}") = "Domain", "Domain\Domain.csproj", "{806F6B46-FCAF-4AE1-9438-766187BA790E}"
EndProject
Project("{9A19103F-16F7-4668-BE54-9A1E7A4F7556}") = "Infra.Data", "Data\Infra.Data.csproj", "{1008A940-C055-4884-BA74-005A1868A47E}"
EndProject
Project("{9A19103F-16F7-4668-BE54-9A1E7A4F7556}") = "Infra.IoC", "Infra.IoC\Infra.IoC.csproj", "{328AD995-5832-4387-AA3C-4C299E510EB1}"
EndProject
Project("{9A19103F-16F7-4668-BE54-9A1E7A4F7556}") = "Application", "Application\Application.csproj", "{459696EC-E406-43F1-9B61-368106A2F381}"
EndProject
Project("{FAE04EC0-301F-11D3-BF4B-00C04F79EFBC}") = "Api", "Api\Api.csproj", "{DA4DC6E2-C9F2-457A-8310-DE59F06B5EFA}"
EndProject
Global
	GlobalSection(SolutionConfigurationPlatforms) = preSolution
		Debug|Any CPU = Debug|Any CPU
		Release|Any CPU = Release|Any CPU
	EndGlobalSection
	GlobalSection(ProjectConfigurationPlatforms) = postSolution
		{806F6B46-FCAF-4AE1-9438-766187BA790E}.Debug|Any CPU.ActiveCfg = Debug|Any CPU
		{806F6B46-FCAF-4AE1-9438-766187BA790E}.Debug|Any CPU.Build.0 = Debug|Any CPU
		{806F6B46-FCAF-4AE1-9438-766187BA790E}.Release|Any CPU.ActiveCfg = Release|Any CPU
		{806F6B46-FCAF-4AE1-9438-766187BA790E}.Release|Any CPU.Build.0 = Release|Any CPU
		{1008A940-C055-4884-BA74-005A1868A47E}.Debug|Any CPU.ActiveCfg = Debug|Any CPU
		{1008A940-C055-4884-BA74-005A1868A47E}.Debug|Any CPU.Build.0 = Debug|Any CPU
		{1008A940-C055-4884-BA74-005A1868A47E}.Release|Any CPU.ActiveCfg = Release|Any CPU
		{1008A940-C055-4884-BA74-005A1868A47E}.Release|Any CPU.Build.0 = Release|Any CPU
		{328AD995-5832-4387-AA3C-4C299E510EB1}.Debug|Any CPU.ActiveCfg = Debug|Any CPU
		{328AD995-5832-4387-AA3C-4C299E510EB1}.Debug|Any CPU.Build.0 = Debug|Any CPU
		{328AD995-5832-4387-AA3C-4C299E510EB1}.Release|Any CPU.ActiveCfg = Release|Any CPU
		{328AD995-5832-4387-AA3C-4C299E510EB1}.Release|Any CPU.Build.0 = Release|Any CPU
		{459696EC-E406-43F1-9B61-368106A2F381}.Debug|Any CPU.ActiveCfg = Debug|Any CPU
		{459696EC-E406-43F1-9B61-368106A2F381}.Debug|Any CPU.Build.0 = Debug|Any CPU
		{459696EC-E406-43F1-9B61-368106A2F381}.Release|Any CPU.ActiveCfg = Release|Any CPU
		{459696EC-E406-43F1-9B61-368106A2F381}.Release|Any CPU.Build.0 = Release|Any CPU
		{DA4DC6E2-C9F2-457A-8310-DE59F06B5EFA}.Debug|Any CPU.ActiveCfg = Debug|Any CPU
		{DA4DC6E2-C9F2-457A-8310-DE59F06B5EFA}.Debug|Any CPU.Build.0 = Debug|Any CPU
		{DA4DC6E2-C9F2-457A-8310-DE59F06B5EFA}.Release|Any CPU.ActiveCfg = Release|Any CPU
		{DA4DC6E2-C9F2-457A-8310-DE59F06B5EFA}.Release|Any CPU.Build.0 = Release|Any CPU
	EndGlobalSection
	GlobalSection(SolutionProperties) = preSolution
		HideSolutionNode = FALSE
	EndGlobalSection
	GlobalSection(ExtensibilityGlobals) = postSolution
		SolutionGuid = {BA78B7DD-1ED4-4CDE-8D54-9435B2F4A5BC}
	EndGlobalSection
EndGlobal
